// !$*UTF8*$!
{
	archiveVersion = 1;
	classes = {
	};
	objectVersion = 77;
	objects = {

/* Begin PBXBuildFile section */
		D0D8A75F2D485944001738C2 /* FirebaseAnalytics in Frameworks */ = {isa = PBXBuildFile; productRef = D0D8A75E2D485944001738C2 /* FirebaseAnalytics */; };
		D0D8A7612D485944001738C2 /* FirebaseAnalyticsOnDeviceConversion in Frameworks */ = {isa = PBXBuildFile; productRef = D0D8A7602D485944001738C2 /* FirebaseAnalyticsOnDeviceConversion */; };
		D0D8A7632D485944001738C2 /* FirebaseAnalyticsWithoutAdIdSupport in Frameworks */ = {isa = PBXBuildFile; productRef = D0D8A7622D485944001738C2 /* FirebaseAnalyticsWithoutAdIdSupport */; };
		D0D8A7652D485944001738C2 /* FirebaseAppCheck in Frameworks */ = {isa = PBXBuildFile; productRef = D0D8A7642D485944001738C2 /* FirebaseAppCheck */; };
		D0D8A7672D485944001738C2 /* FirebaseAppDistribution-Beta in Frameworks */ = {isa = PBXBuildFile; productRef = D0D8A7662D485944001738C2 /* FirebaseAppDistribution-Beta */; };
		D0D8A76A2D48595A001738C2 /* FirebaseMessaging in Frameworks */ = {isa = PBXBuildFile; productRef = D0D8A7692D48595A001738C2 /* FirebaseMessaging */; };
		D0D8A7742D4983CC001738C2 /* FirebaseAuth in Frameworks */ = {isa = PBXBuildFile; productRef = D0D8A7732D4983CC001738C2 /* FirebaseAuth */; };
		D0D8A7842D4AE7DB001738C2 /* FirebaseFirestore in Frameworks */ = {isa = PBXBuildFile; productRef = D0D8A7832D4AE7DB001738C2 /* FirebaseFirestore */; };
/* End PBXBuildFile section */

/* Begin PBXContainerItemProxy section */
		D0F40F142D48342200684ED8 /* PBXContainerItemProxy */ = {
			isa = PBXContainerItemProxy;
			containerPortal = D0F40EFB2D48342200684ED8 /* Project object */;
			proxyType = 1;
			remoteGlobalIDString = D0F40F022D48342200684ED8;
			remoteInfo = ReadingPal2;
		};
		D0F40F1E2D48342200684ED8 /* PBXContainerItemProxy */ = {
			isa = PBXContainerItemProxy;
			containerPortal = D0F40EFB2D48342200684ED8 /* Project object */;
			proxyType = 1;
			remoteGlobalIDString = D0F40F022D48342200684ED8;
			remoteInfo = ReadingPal2;
		};
/* End PBXContainerItemProxy section */

/* Begin PBXFileReference section */
		D0F40F032D48342200684ED8 /* ReadingPal2.app */ = {isa = PBXFileReference; explicitFileType = wrapper.application; includeInIndex = 0; path = ReadingPal2.app; sourceTree = BUILT_PRODUCTS_DIR; };
		D0F40F132D48342200684ED8 /* ReadingPal2Tests.xctest */ = {isa = PBXFileReference; explicitFileType = wrapper.cfbundle; includeInIndex = 0; path = ReadingPal2Tests.xctest; sourceTree = BUILT_PRODUCTS_DIR; };
		D0F40F1D2D48342200684ED8 /* ReadingPal2UITests.xctest */ = {isa = PBXFileReference; explicitFileType = wrapper.cfbundle; includeInIndex = 0; path = ReadingPal2UITests.xctest; sourceTree = BUILT_PRODUCTS_DIR; };
/* End PBXFileReference section */

/* Begin PBXFileSystemSynchronizedBuildFileExceptionSet section */
		D0D8A75B2D485410001738C2 /* Exceptions for "ReadingPal2" folder in "ReadingPal2" target */ = {
			isa = PBXFileSystemSynchronizedBuildFileExceptionSet;
			membershipExceptions = (
				Info.plist,
			);
			target = D0F40F022D48342200684ED8 /* ReadingPal2 */;
		};
		D0F40F342D48351000684ED8 /* Exceptions for "ReadingPal2" folder in "ReadingPal2Tests" target */ = {
			isa = PBXFileSystemSynchronizedBuildFileExceptionSet;
			membershipExceptions = (
				ReadingPalApp.swift,
			);
			target = D0F40F122D48342200684ED8 /* ReadingPal2Tests */;
		};
/* End PBXFileSystemSynchronizedBuildFileExceptionSet section */

/* Begin PBXFileSystemSynchronizedRootGroup section */
		D0F40F052D48342200684ED8 /* ReadingPal2 */ = {
			isa = PBXFileSystemSynchronizedRootGroup;
			exceptions = (
				D0D8A75B2D485410001738C2 /* Exceptions for "ReadingPal2" folder in "ReadingPal2" target */,
				D0F40F342D48351000684ED8 /* Exceptions for "ReadingPal2" folder in "ReadingPal2Tests" target */,
			);
			path = ReadingPal2;
			sourceTree = "<group>";
		};
		D0F40F162D48342200684ED8 /* ReadingPal2Tests */ = {
			isa = PBXFileSystemSynchronizedRootGroup;
			path = ReadingPal2Tests;
			sourceTree = "<group>";
		};
		D0F40F202D48342200684ED8 /* ReadingPal2UITests */ = {
			isa = PBXFileSystemSynchronizedRootGroup;
			path = ReadingPal2UITests;
			sourceTree = "<group>";
		};
/* End PBXFileSystemSynchronizedRootGroup section */

/* Begin PBXFrameworksBuildPhase section */
		D0F40F002D48342200684ED8 /* Frameworks */ = {
			isa = PBXFrameworksBuildPhase;
			buildActionMask = 2147483647;
			files = (
				D0D8A76A2D48595A001738C2 /* FirebaseMessaging in Frameworks */,
				D0D8A7652D485944001738C2 /* FirebaseAppCheck in Frameworks */,
				D0D8A75F2D485944001738C2 /* FirebaseAnalytics in Frameworks */,
				D0D8A7672D485944001738C2 /* FirebaseAppDistribution-Beta in Frameworks */,
				D0D8A7632D485944001738C2 /* FirebaseAnalyticsWithoutAdIdSupport in Frameworks */,
				D0D8A7842D4AE7DB001738C2 /* FirebaseFirestore in Frameworks */,
				D0D8A7742D4983CC001738C2 /* FirebaseAuth in Frameworks */,
				D0D8A7612D485944001738C2 /* FirebaseAnalyticsOnDeviceConversion in Frameworks */,
			);
			runOnlyForDeploymentPostprocessing = 0;
		};
		D0F40F102D48342200684ED8 /* Frameworks */ = {
			isa = PBXFrameworksBuildPhase;
			buildActionMask = 2147483647;
			files = (
			);
			runOnlyForDeploymentPostprocessing = 0;
		};
		D0F40F1A2D48342200684ED8 /* Frameworks */ = {
			isa = PBXFrameworksBuildPhase;
			buildActionMask = 2147483647;
			files = (
			);
			runOnlyForDeploymentPostprocessing = 0;
		};
/* End PBXFrameworksBuildPhase section */

/* Begin PBXGroup section */
		D0D8A7682D48595A001738C2 /* Frameworks */ = {
			isa = PBXGroup;
			children = (
			);
			name = Frameworks;
			sourceTree = "<group>";
		};
		D0F40EFA2D48342200684ED8 = {
			isa = PBXGroup;
			children = (
				D0F40F052D48342200684ED8 /* ReadingPal2 */,
				D0F40F162D48342200684ED8 /* ReadingPal2Tests */,
				D0F40F202D48342200684ED8 /* ReadingPal2UITests */,
				D0D8A7682D48595A001738C2 /* Frameworks */,
				D0F40F042D48342200684ED8 /* Products */,
			);
			sourceTree = "<group>";
		};
		D0F40F042D48342200684ED8 /* Products */ = {
			isa = PBXGroup;
			children = (
				D0F40F032D48342200684ED8 /* ReadingPal2.app */,
				D0F40F132D48342200684ED8 /* ReadingPal2Tests.xctest */,
				D0F40F1D2D48342200684ED8 /* ReadingPal2UITests.xctest */,
			);
			name = Products;
			sourceTree = "<group>";
		};
/* End PBXGroup section */

/* Begin PBXNativeTarget section */
		D0F40F022D48342200684ED8 /* ReadingPal2 */ = {
			isa = PBXNativeTarget;
			buildConfigurationList = D0F40F272D48342200684ED8 /* Build configuration list for PBXNativeTarget "ReadingPal2" */;
			buildPhases = (
				D0F40EFF2D48342200684ED8 /* Sources */,
				D0F40F002D48342200684ED8 /* Frameworks */,
				D0F40F012D48342200684ED8 /* Resources */,
			);
			buildRules = (
			);
			dependencies = (
			);
			fileSystemSynchronizedGroups = (
				D0F40F052D48342200684ED8 /* ReadingPal2 */,
			);
			name = ReadingPal2;
			packageProductDependencies = (
				D0D8A75E2D485944001738C2 /* FirebaseAnalytics */,
				D0D8A7602D485944001738C2 /* FirebaseAnalyticsOnDeviceConversion */,
				D0D8A7622D485944001738C2 /* FirebaseAnalyticsWithoutAdIdSupport */,
				D0D8A7642D485944001738C2 /* FirebaseAppCheck */,
				D0D8A7662D485944001738C2 /* FirebaseAppDistribution-Beta */,
				D0D8A7692D48595A001738C2 /* FirebaseMessaging */,
				D0D8A7732D4983CC001738C2 /* FirebaseAuth */,
				D0D8A7832D4AE7DB001738C2 /* FirebaseFirestore */,
			);
			productName = ReadingPal2;
			productReference = D0F40F032D48342200684ED8 /* ReadingPal2.app */;
			productType = "com.apple.product-type.application";
		};
		D0F40F122D48342200684ED8 /* ReadingPal2Tests */ = {
			isa = PBXNativeTarget;
			buildConfigurationList = D0F40F2A2D48342200684ED8 /* Build configuration list for PBXNativeTarget "ReadingPal2Tests" */;
			buildPhases = (
				D0F40F0F2D48342200684ED8 /* Sources */,
				D0F40F102D48342200684ED8 /* Frameworks */,
				D0F40F112D48342200684ED8 /* Resources */,
			);
			buildRules = (
			);
			dependencies = (
				D0F40F152D48342200684ED8 /* PBXTargetDependency */,
			);
			fileSystemSynchronizedGroups = (
				D0F40F162D48342200684ED8 /* ReadingPal2Tests */,
			);
			name = ReadingPal2Tests;
			packageProductDependencies = (
			);
			productName = ReadingPal2Tests;
			productReference = D0F40F132D48342200684ED8 /* ReadingPal2Tests.xctest */;
			productType = "com.apple.product-type.bundle.unit-test";
		};
		D0F40F1C2D48342200684ED8 /* ReadingPal2UITests */ = {
			isa = PBXNativeTarget;
			buildConfigurationList = D0F40F2D2D48342200684ED8 /* Build configuration list for PBXNativeTarget "ReadingPal2UITests" */;
			buildPhases = (
				D0F40F192D48342200684ED8 /* Sources */,
				D0F40F1A2D48342200684ED8 /* Frameworks */,
				D0F40F1B2D48342200684ED8 /* Resources */,
			);
			buildRules = (
			);
			dependencies = (
				D0F40F1F2D48342200684ED8 /* PBXTargetDependency */,
			);
			fileSystemSynchronizedGroups = (
				D0F40F202D48342200684ED8 /* ReadingPal2UITests */,
			);
			name = ReadingPal2UITests;
			packageProductDependencies = (
			);
			productName = ReadingPal2UITests;
			productReference = D0F40F1D2D48342200684ED8 /* ReadingPal2UITests.xctest */;
			productType = "com.apple.product-type.bundle.ui-testing";
		};
/* End PBXNativeTarget section */

/* Begin PBXProject section */
		D0F40EFB2D48342200684ED8 /* Project object */ = {
			isa = PBXProject;
			attributes = {
				BuildIndependentTargetsInParallel = 1;
				LastSwiftUpdateCheck = 1620;
				LastUpgradeCheck = 1620;
				TargetAttributes = {
					D0F40F022D48342200684ED8 = {
						CreatedOnToolsVersion = 16.2;
					};
					D0F40F122D48342200684ED8 = {
						CreatedOnToolsVersion = 16.2;
						TestTargetID = D0F40F022D48342200684ED8;
					};
					D0F40F1C2D48342200684ED8 = {
						CreatedOnToolsVersion = 16.2;
						TestTargetID = D0F40F022D48342200684ED8;
					};
				};
			};
			buildConfigurationList = D0F40EFE2D48342200684ED8 /* Build configuration list for PBXProject "ReadingPal2" */;
			developmentRegion = en;
			hasScannedForEncodings = 0;
			knownRegions = (
				en,
				Base,
			);
			mainGroup = D0F40EFA2D48342200684ED8;
			minimizedProjectReferenceProxies = 1;
			packageReferences = (
				D0D8A75D2D485944001738C2 /* XCRemoteSwiftPackageReference "firebase-ios-sdk" */,
			);
			preferredProjectObjectVersion = 77;
			productRefGroup = D0F40F042D48342200684ED8 /* Products */;
			projectDirPath = "";
			projectRoot = "";
			targets = (
				D0F40F022D48342200684ED8 /* ReadingPal2 */,
				D0F40F122D48342200684ED8 /* ReadingPal2Tests */,
				D0F40F1C2D48342200684ED8 /* ReadingPal2UITests */,
			);
		};
/* End PBXProject section */

/* Begin PBXResourcesBuildPhase section */
		D0F40F012D48342200684ED8 /* Resources */ = {
			isa = PBXResourcesBuildPhase;
			buildActionMask = 2147483647;
			files = (
			);
			runOnlyForDeploymentPostprocessing = 0;
		};
		D0F40F112D48342200684ED8 /* Resources */ = {
			isa = PBXResourcesBuildPhase;
			buildActionMask = 2147483647;
			files = (
			);
			runOnlyForDeploymentPostprocessing = 0;
		};
		D0F40F1B2D48342200684ED8 /* Resources */ = {
			isa = PBXResourcesBuildPhase;
			buildActionMask = 2147483647;
			files = (
			);
			runOnlyForDeploymentPostprocessing = 0;
		};
/* End PBXResourcesBuildPhase section */

/* Begin PBXSourcesBuildPhase section */
		D0F40EFF2D48342200684ED8 /* Sources */ = {
			isa = PBXSourcesBuildPhase;
			buildActionMask = 2147483647;
			files = (
			);
			runOnlyForDeploymentPostprocessing = 0;
		};
		D0F40F0F2D48342200684ED8 /* Sources */ = {
			isa = PBXSourcesBuildPhase;
			buildActionMask = 2147483647;
			files = (
			);
			runOnlyForDeploymentPostprocessing = 0;
		};
		D0F40F192D48342200684ED8 /* Sources */ = {
			isa = PBXSourcesBuildPhase;
			buildActionMask = 2147483647;
			files = (
			);
			runOnlyForDeploymentPostprocessing = 0;
		};
/* End PBXSourcesBuildPhase section */

/* Begin PBXTargetDependency section */
		D0F40F152D48342200684ED8 /* PBXTargetDependency */ = {
			isa = PBXTargetDependency;
			target = D0F40F022D48342200684ED8 /* ReadingPal2 */;
			targetProxy = D0F40F142D48342200684ED8 /* PBXContainerItemProxy */;
		};
		D0F40F1F2D48342200684ED8 /* PBXTargetDependency */ = {
			isa = PBXTargetDependency;
			target = D0F40F022D48342200684ED8 /* ReadingPal2 */;
			targetProxy = D0F40F1E2D48342200684ED8 /* PBXContainerItemProxy */;
		};
/* End PBXTargetDependency section */

/* Begin XCBuildConfiguration section */
		D0F40F252D48342200684ED8 /* Debug */ = {
			isa = XCBuildConfiguration;
			buildSettings = {
				ALWAYS_SEARCH_USER_PATHS = NO;
				ASSETCATALOG_COMPILER_GENERATE_SWIFT_ASSET_SYMBOL_EXTENSIONS = YES;
				CLANG_ANALYZER_NONNULL = YES;
				CLANG_ANALYZER_NUMBER_OBJECT_CONVERSION = YES_AGGRESSIVE;
				CLANG_CXX_LANGUAGE_STANDARD = "gnu++20";
				CLANG_ENABLE_MODULES = YES;
				CLANG_ENABLE_OBJC_ARC = YES;
				CLANG_ENABLE_OBJC_WEAK = YES;
				CLANG_WARN_BLOCK_CAPTURE_AUTORELEASING = YES;
				CLANG_WARN_BOOL_CONVERSION = YES;
				CLANG_WARN_COMMA = YES;
				CLANG_WARN_CONSTANT_CONVERSION = YES;
				CLANG_WARN_DEPRECATED_OBJC_IMPLEMENTATIONS = YES;
				CLANG_WARN_DIRECT_OBJC_ISA_USAGE = YES_ERROR;
				CLANG_WARN_DOCUMENTATION_COMMENTS = YES;
				CLANG_WARN_EMPTY_BODY = YES;
				CLANG_WARN_ENUM_CONVERSION = YES;
				CLANG_WARN_INFINITE_RECURSION = YES;
				CLANG_WARN_INT_CONVERSION = YES;
				CLANG_WARN_NON_LITERAL_NULL_CONVERSION = YES;
				CLANG_WARN_OBJC_IMPLICIT_RETAIN_SELF = YES;
				CLANG_WARN_OBJC_LITERAL_CONVERSION = YES;
				CLANG_WARN_OBJC_ROOT_CLASS = YES_ERROR;
				CLANG_WARN_QUOTED_INCLUDE_IN_FRAMEWORK_HEADER = YES;
				CLANG_WARN_RANGE_LOOP_ANALYSIS = YES;
				CLANG_WARN_STRICT_PROTOTYPES = YES;
				CLANG_WARN_SUSPICIOUS_MOVE = YES;
				CLANG_WARN_UNGUARDED_AVAILABILITY = YES_AGGRESSIVE;
				CLANG_WARN_UNREACHABLE_CODE = YES;
				CLANG_WARN__DUPLICATE_METHOD_MATCH = YES;
				COPY_PHASE_STRIP = NO;
				DEBUG_INFORMATION_FORMAT = dwarf;
				ENABLE_STRICT_OBJC_MSGSEND = YES;
				ENABLE_TESTABILITY = YES;
				ENABLE_USER_SCRIPT_SANDBOXING = YES;
				GCC_C_LANGUAGE_STANDARD = gnu17;
				GCC_DYNAMIC_NO_PIC = NO;
				GCC_NO_COMMON_BLOCKS = YES;
				GCC_OPTIMIZATION_LEVEL = 0;
				GCC_PREPROCESSOR_DEFINITIONS = (
					"DEBUG=1",
					"$(inherited)",
				);
				GCC_WARN_64_TO_32_BIT_CONVERSION = YES;
				GCC_WARN_ABOUT_RETURN_TYPE = YES_ERROR;
				GCC_WARN_UNDECLARED_SELECTOR = YES;
				GCC_WARN_UNINITIALIZED_AUTOS = YES_AGGRESSIVE;
				GCC_WARN_UNUSED_FUNCTION = YES;
				GCC_WARN_UNUSED_VARIABLE = YES;
				IPHONEOS_DEPLOYMENT_TARGET = 18.2;
				LOCALIZATION_PREFERS_STRING_CATALOGS = YES;
				MTL_ENABLE_DEBUG_INFO = INCLUDE_SOURCE;
				MTL_FAST_MATH = YES;
				ONLY_ACTIVE_ARCH = YES;
				SDKROOT = iphoneos;
				SWIFT_ACTIVE_COMPILATION_CONDITIONS = "DEBUG $(inherited)";
				SWIFT_OPTIMIZATION_LEVEL = "-Onone";
			};
			name = Debug;
		};
		D0F40F262D48342200684ED8 /* Release */ = {
			isa = XCBuildConfiguration;
			buildSettings = {
				ALWAYS_SEARCH_USER_PATHS = NO;
				ASSETCATALOG_COMPILER_GENERATE_SWIFT_ASSET_SYMBOL_EXTENSIONS = YES;
				CLANG_ANALYZER_NONNULL = YES;
				CLANG_ANALYZER_NUMBER_OBJECT_CONVERSION = YES_AGGRESSIVE;
				CLANG_CXX_LANGUAGE_STANDARD = "gnu++20";
				CLANG_ENABLE_MODULES = YES;
				CLANG_ENABLE_OBJC_ARC = YES;
				CLANG_ENABLE_OBJC_WEAK = YES;
				CLANG_WARN_BLOCK_CAPTURE_AUTORELEASING = YES;
				CLANG_WARN_BOOL_CONVERSION = YES;
				CLANG_WARN_COMMA = YES;
				CLANG_WARN_CONSTANT_CONVERSION = YES;
				CLANG_WARN_DEPRECATED_OBJC_IMPLEMENTATIONS = YES;
				CLANG_WARN_DIRECT_OBJC_ISA_USAGE = YES_ERROR;
				CLANG_WARN_DOCUMENTATION_COMMENTS = YES;
				CLANG_WARN_EMPTY_BODY = YES;
				CLANG_WARN_ENUM_CONVERSION = YES;
				CLANG_WARN_INFINITE_RECURSION = YES;
				CLANG_WARN_INT_CONVERSION = YES;
				CLANG_WARN_NON_LITERAL_NULL_CONVERSION = YES;
				CLANG_WARN_OBJC_IMPLICIT_RETAIN_SELF = YES;
				CLANG_WARN_OBJC_LITERAL_CONVERSION = YES;
				CLANG_WARN_OBJC_ROOT_CLASS = YES_ERROR;
				CLANG_WARN_QUOTED_INCLUDE_IN_FRAMEWORK_HEADER = YES;
				CLANG_WARN_RANGE_LOOP_ANALYSIS = YES;
				CLANG_WARN_STRICT_PROTOTYPES = YES;
				CLANG_WARN_SUSPICIOUS_MOVE = YES;
				CLANG_WARN_UNGUARDED_AVAILABILITY = YES_AGGRESSIVE;
				CLANG_WARN_UNREACHABLE_CODE = YES;
				CLANG_WARN__DUPLICATE_METHOD_MATCH = YES;
				COPY_PHASE_STRIP = NO;
				DEBUG_INFORMATION_FORMAT = "dwarf-with-dsym";
				ENABLE_NS_ASSERTIONS = NO;
				ENABLE_STRICT_OBJC_MSGSEND = YES;
				ENABLE_USER_SCRIPT_SANDBOXING = YES;
				GCC_C_LANGUAGE_STANDARD = gnu17;
				GCC_NO_COMMON_BLOCKS = YES;
				GCC_WARN_64_TO_32_BIT_CONVERSION = YES;
				GCC_WARN_ABOUT_RETURN_TYPE = YES_ERROR;
				GCC_WARN_UNDECLARED_SELECTOR = YES;
				GCC_WARN_UNINITIALIZED_AUTOS = YES_AGGRESSIVE;
				GCC_WARN_UNUSED_FUNCTION = YES;
				GCC_WARN_UNUSED_VARIABLE = YES;
				IPHONEOS_DEPLOYMENT_TARGET = 18.2;
				LOCALIZATION_PREFERS_STRING_CATALOGS = YES;
				MTL_ENABLE_DEBUG_INFO = NO;
				MTL_FAST_MATH = YES;
				SDKROOT = iphoneos;
				SWIFT_COMPILATION_MODE = wholemodule;
				VALIDATE_PRODUCT = YES;
			};
			name = Release;
		};
		D0F40F282D48342200684ED8 /* Debug */ = {
			isa = XCBuildConfiguration;
			buildSettings = {
				ASSETCATALOG_COMPILER_APPICON_NAME = AppIcon;
				ASSETCATALOG_COMPILER_GLOBAL_ACCENT_COLOR_NAME = AccentColor;
				ASSETCATALOG_COMPILER_INCLUDE_ALL_APPICON_ASSETS = NO;
				CODE_SIGN_ENTITLEMENTS = ReadingPal2/ReadingPal2.entitlements;
				CODE_SIGN_STYLE = Automatic;
				CURRENT_PROJECT_VERSION = 1;
				DEVELOPMENT_ASSET_PATHS = "\"ReadingPal2/Preview Content\"";
				DEVELOPMENT_TEAM = 86FB7G747T;
				ENABLE_PREVIEWS = YES;
				GENERATE_INFOPLIST_FILE = YES;
				INFOPLIST_FILE = ReadingPal2/Info.plist;
				INFOPLIST_KEY_CFBundleDisplayName = ReadingPal;
				INFOPLIST_KEY_UIApplicationSceneManifest_Generation = YES;
				INFOPLIST_KEY_UIApplicationSupportsIndirectInputEvents = YES;
				INFOPLIST_KEY_UILaunchScreen_Generation = YES;
				INFOPLIST_KEY_UILaunchStoryboardName = LaunchScreen;
				INFOPLIST_KEY_UISupportedInterfaceOrientations_iPad = "UIInterfaceOrientationPortrait UIInterfaceOrientationPortraitUpsideDown UIInterfaceOrientationLandscapeLeft UIInterfaceOrientationLandscapeRight";
				INFOPLIST_KEY_UISupportedInterfaceOrientations_iPhone = "UIInterfaceOrientationPortrait UIInterfaceOrientationLandscapeLeft UIInterfaceOrientationLandscapeRight";
				IPHONEOS_DEPLOYMENT_TARGET = 17.6;
				LD_RUNPATH_SEARCH_PATHS = (
					"$(inherited)",
					"@executable_path/Frameworks",
				);
				MARKETING_VERSION = 1.0;
				PRODUCT_BUNDLE_IDENTIFIER = kd.ReadingPal2;
				PRODUCT_NAME = "$(TARGET_NAME)";
				SWIFT_EMIT_LOC_STRINGS = YES;
				SWIFT_VERSION = 5.0;
				TARGETED_DEVICE_FAMILY = "1,2";
			};
			name = Debug;
		};
		D0F40F292D48342200684ED8 /* Release */ = {
			isa = XCBuildConfiguration;
			buildSettings = {
				ASSETCATALOG_COMPILER_APPICON_NAME = AppIcon;
				ASSETCATALOG_COMPILER_GLOBAL_ACCENT_COLOR_NAME = AccentColor;
				ASSETCATALOG_COMPILER_INCLUDE_ALL_APPICON_ASSETS = NO;
				CODE_SIGN_ENTITLEMENTS = ReadingPal2/ReadingPal2.entitlements;
				CODE_SIGN_STYLE = Automatic;
				CURRENT_PROJECT_VERSION = 1;
				DEVELOPMENT_ASSET_PATHS = "\"ReadingPal2/Preview Content\"";
				DEVELOPMENT_TEAM = 86FB7G747T;
				ENABLE_PREVIEWS = YES;
				GENERATE_INFOPLIST_FILE = YES;
				INFOPLIST_FILE = ReadingPal2/Info.plist;
				INFOPLIST_KEY_CFBundleDisplayName = ReadingPal;
				INFOPLIST_KEY_UIApplicationSceneManifest_Generation = YES;
				INFOPLIST_KEY_UIApplicationSupportsIndirectInputEvents = YES;
				INFOPLIST_KEY_UILaunchScreen_Generation = YES;
				INFOPLIST_KEY_UILaunchStoryboardName = LaunchScreen;
				INFOPLIST_KEY_UISupportedInterfaceOrientations_iPad = "UIInterfaceOrientationPortrait UIInterfaceOrientationPortraitUpsideDown UIInterfaceOrientationLandscapeLeft UIInterfaceOrientationLandscapeRight";
				INFOPLIST_KEY_UISupportedInterfaceOrientations_iPhone = "UIInterfaceOrientationPortrait UIInterfaceOrientationLandscapeLeft UIInterfaceOrientationLandscapeRight";
				IPHONEOS_DEPLOYMENT_TARGET = 17.6;
				LD_RUNPATH_SEARCH_PATHS = (
					"$(inherited)",
					"@executable_path/Frameworks",
				);
				MARKETING_VERSION = 1.0;
				PRODUCT_BUNDLE_IDENTIFIER = kd.ReadingPal2;
				PRODUCT_NAME = "$(TARGET_NAME)";
				SWIFT_EMIT_LOC_STRINGS = YES;
				SWIFT_VERSION = 5.0;
				TARGETED_DEVICE_FAMILY = "1,2";
			};
			name = Release;
		};
		D0F40F2B2D48342200684ED8 /* Debug */ = {
			isa = XCBuildConfiguration;
			buildSettings = {
				BUNDLE_LOADER = "$(TEST_HOST)";
				CODE_SIGN_STYLE = Automatic;
				CURRENT_PROJECT_VERSION = 1;
				DEVELOPMENT_TEAM = 86FB7G747T;
				GENERATE_INFOPLIST_FILE = YES;
				IPHONEOS_DEPLOYMENT_TARGET = 18.2;
				MARKETING_VERSION = 1.0;
				PRODUCT_BUNDLE_IDENTIFIER = kd.ReadingPal2Tests;
				PRODUCT_NAME = "$(TARGET_NAME)";
				SWIFT_EMIT_LOC_STRINGS = NO;
				SWIFT_VERSION = 5.0;
				TARGETED_DEVICE_FAMILY = "1,2";
				TEST_HOST = "$(BUILT_PRODUCTS_DIR)/ReadingPal2.app/$(BUNDLE_EXECUTABLE_FOLDER_PATH)/ReadingPal2";
			};
			name = Debug;
		};
		D0F40F2C2D48342200684ED8 /* Release */ = {
			isa = XCBuildConfiguration;
			buildSettings = {
				BUNDLE_LOADER = "$(TEST_HOST)";
				CODE_SIGN_STYLE = Automatic;
				CURRENT_PROJECT_VERSION = 1;
				DEVELOPMENT_TEAM = 86FB7G747T;
				GENERATE_INFOPLIST_FILE = YES;
				IPHONEOS_DEPLOYMENT_TARGET = 18.2;
				MARKETING_VERSION = 1.0;
				PRODUCT_BUNDLE_IDENTIFIER = kd.ReadingPal2Tests;
				PRODUCT_NAME = "$(TARGET_NAME)";
				SWIFT_EMIT_LOC_STRINGS = NO;
				SWIFT_VERSION = 5.0;
				TARGETED_DEVICE_FAMILY = "1,2";
				TEST_HOST = "$(BUILT_PRODUCTS_DIR)/ReadingPal2.app/$(BUNDLE_EXECUTABLE_FOLDER_PATH)/ReadingPal2";
			};
			name = Release;
		};
		D0F40F2E2D48342200684ED8 /* Debug */ = {
			isa = XCBuildConfiguration;
			buildSettings = {
				CODE_SIGN_STYLE = Automatic;
				CURRENT_PROJECT_VERSION = 1;
				DEVELOPMENT_TEAM = 86FB7G747T;
				GENERATE_INFOPLIST_FILE = YES;
				MARKETING_VERSION = 1.0;
				PRODUCT_BUNDLE_IDENTIFIER = kd.ReadingPal2UITests;
				PRODUCT_NAME = "$(TARGET_NAME)";
				SWIFT_EMIT_LOC_STRINGS = NO;
				SWIFT_VERSION = 5.0;
				TARGETED_DEVICE_FAMILY = "1,2";
				TEST_TARGET_NAME = ReadingPal2;
			};
			name = Debug;
		};
		D0F40F2F2D48342200684ED8 /* Release */ = {
			isa = XCBuildConfiguration;
			buildSettings = {
				CODE_SIGN_STYLE = Automatic;
				CURRENT_PROJECT_VERSION = 1;
				DEVELOPMENT_TEAM = 86FB7G747T;
				GENERATE_INFOPLIST_FILE = YES;
				MARKETING_VERSION = 1.0;
				PRODUCT_BUNDLE_IDENTIFIER = kd.ReadingPal2UITests;
				PRODUCT_NAME = "$(TARGET_NAME)";
				SWIFT_EMIT_LOC_STRINGS = NO;
				SWIFT_VERSION = 5.0;
				TARGETED_DEVICE_FAMILY = "1,2";
				TEST_TARGET_NAME = ReadingPal2;
			};
			name = Release;
		};
/* End XCBuildConfiguration section */

/* Begin XCConfigurationList section */
		D0F40EFE2D48342200684ED8 /* Build configuration list for PBXProject "ReadingPal2" */ = {
			isa = XCConfigurationList;
			buildConfigurations = (
				D0F40F252D48342200684ED8 /* Debug */,
				D0F40F262D48342200684ED8 /* Release */,
			);
			defaultConfigurationIsVisible = 0;
			defaultConfigurationName = Release;
		};
		D0F40F272D48342200684ED8 /* Build configuration list for PBXNativeTarget "ReadingPal2" */ = {
			isa = XCConfigurationList;
			buildConfigurations = (
				D0F40F282D48342200684ED8 /* Debug */,
				D0F40F292D48342200684ED8 /* Release */,
			);
			defaultConfigurationIsVisible = 0;
			defaultConfigurationName = Release;
		};
		D0F40F2A2D48342200684ED8 /* Build configuration list for PBXNativeTarget "ReadingPal2Tests" */ = {
			isa = XCConfigurationList;
			buildConfigurations = (
				D0F40F2B2D48342200684ED8 /* Debug */,
				D0F40F2C2D48342200684ED8 /* Release */,
			);
			defaultConfigurationIsVisible = 0;
			defaultConfigurationName = Release;
		};
		D0F40F2D2D48342200684ED8 /* Build configuration list for PBXNativeTarget "ReadingPal2UITests" */ = {
			isa = XCConfigurationList;
			buildConfigurations = (
				D0F40F2E2D48342200684ED8 /* Debug */,
				D0F40F2F2D48342200684ED8 /* Release */,
			);
			defaultConfigurationIsVisible = 0;
			defaultConfigurationName = Release;
		};
/* End XCConfigurationList section */

/* Begin XCRemoteSwiftPackageReference section */
		D0D8A75D2D485944001738C2 /* XCRemoteSwiftPackageReference "firebase-ios-sdk" */ = {
			isa = XCRemoteSwiftPackageReference;
			repositoryURL = "https://github.com/firebase/firebase-ios-sdk";
			requirement = {
				kind = upToNextMajorVersion;
				minimumVersion = 11.7.0;
			};
		};
/* End XCRemoteSwiftPackageReference section */

/* Begin XCSwiftPackageProductDependency section */
		D0D8A75E2D485944001738C2 /* FirebaseAnalytics */ = {
			isa = XCSwiftPackageProductDependency;
			package = D0D8A75D2D485944001738C2 /* XCRemoteSwiftPackageReference "firebase-ios-sdk" */;
			productName = FirebaseAnalytics;
		};
		D0D8A7602D485944001738C2 /* FirebaseAnalyticsOnDeviceConversion */ = {
			isa = XCSwiftPackageProductDependency;
			package = D0D8A75D2D485944001738C2 /* XCRemoteSwiftPackageReference "firebase-ios-sdk" */;
			productName = FirebaseAnalyticsOnDeviceConversion;
		};
		D0D8A7622D485944001738C2 /* FirebaseAnalyticsWithoutAdIdSupport */ = {
			isa = XCSwiftPackageProductDependency;
			package = D0D8A75D2D485944001738C2 /* XCRemoteSwiftPackageReference "firebase-ios-sdk" */;
			productName = FirebaseAnalyticsWithoutAdIdSupport;
		};
		D0D8A7642D485944001738C2 /* FirebaseAppCheck */ = {
			isa = XCSwiftPackageProductDependency;
			package = D0D8A75D2D485944001738C2 /* XCRemoteSwiftPackageReference "firebase-ios-sdk" */;
			productName = FirebaseAppCheck;
		};
		D0D8A7662D485944001738C2 /* FirebaseAppDistribution-Beta */ = {
			isa = XCSwiftPackageProductDependency;
			package = D0D8A75D2D485944001738C2 /* XCRemoteSwiftPackageReference "firebase-ios-sdk" */;
			productName = "FirebaseAppDistribution-Beta";
		};
		D0D8A7692D48595A001738C2 /* FirebaseMessaging */ = {
			isa = XCSwiftPackageProductDependency;
			package = D0D8A75D2D485944001738C2 /* XCRemoteSwiftPackageReference "firebase-ios-sdk" */;
			productName = FirebaseMessaging;
		};
		D0D8A7732D4983CC001738C2 /* FirebaseAuth */ = {
			isa = XCSwiftPackageProductDependency;
			package = D0D8A75D2D485944001738C2 /* XCRemoteSwiftPackageReference "firebase-ios-sdk" */;
			productName = FirebaseAuth;
		};
		D0D8A7832D4AE7DB001738C2 /* FirebaseFirestore */ = {
			isa = XCSwiftPackageProductDependency;
			package = D0D8A75D2D485944001738C2 /* XCRemoteSwiftPackageReference "firebase-ios-sdk" */;
			productName = FirebaseFirestore;
		};
/* End XCSwiftPackageProductDependency section */
	};
	rootObject = D0F40EFB2D48342200684ED8 /* Project object */;
}
